
Microsoft Visual Studio Solution File, Format Version 12.00
# Visual Studio 15
VisualStudioVersion = 15.0.26014.0
MinimumVisualStudioVersion = 10.0.40219.1
Project("{2150E333-8FDC-42A3-9474-1A3956D46DE8}") = "src", "src", "{F0F1249E-D089-4127-9517-323D2631BB38}"
EndProject
Project("{FAE04EC0-301F-11D3-BF4B-00C04F79EFBC}") = "AthensGab2017.Web", "src\AthensGab2017.Web\AthensGab2017.Web.csproj", "{F5076762-F7EE-4FE8-ABBA-D8CBEA40543D}"
EndProject
Global
	GlobalSection(SolutionConfigurationPlatforms) = preSolution
		Debug|Any CPU = Debug|Any CPU
		Debug|x64 = Debug|x64
		Debug|x86 = Debug|x86
		Release|Any CPU = Release|Any CPU
		Release|x64 = Release|x64
		Release|x86 = Release|x86
	EndGlobalSection
	GlobalSection(ProjectConfigurationPlatforms) = postSolution
		{F5076762-F7EE-4FE8-ABBA-D8CBEA40543D}.Debug|Any CPU.ActiveCfg = Debug|Any CPU
		{F5076762-F7EE-4FE8-ABBA-D8CBEA40543D}.Debug|Any CPU.Build.0 = Debug|Any CPU
		{F5076762-F7EE-4FE8-ABBA-D8CBEA40543D}.Debug|x64.ActiveCfg = Debug|x64
		{F5076762-F7EE-4FE8-ABBA-D8CBEA40543D}.Debug|x64.Build.0 = Debug|x64
		{F5076762-F7EE-4FE8-ABBA-D8CBEA40543D}.Debug|x86.ActiveCfg = Debug|x86
		{F5076762-F7EE-4FE8-ABBA-D8CBEA40543D}.Debug|x86.Build.0 = Debug|x86
		{F5076762-F7EE-4FE8-ABBA-D8CBEA40543D}.Release|Any CPU.ActiveCfg = Release|Any CPU
		{F5076762-F7EE-4FE8-ABBA-D8CBEA40543D}.Release|Any CPU.Build.0 = Release|Any CPU
		{F5076762-F7EE-4FE8-ABBA-D8CBEA40543D}.Release|x64.ActiveCfg = Release|x64
		{F5076762-F7EE-4FE8-ABBA-D8CBEA40543D}.Release|x64.Build.0 = Release|x64
		{F5076762-F7EE-4FE8-ABBA-D8CBEA40543D}.Release|x86.ActiveCfg = Release|x86
		{F5076762-F7EE-4FE8-ABBA-D8CBEA40543D}.Release|x86.Build.0 = Release|x86
	EndGlobalSection
	GlobalSection(SolutionProperties) = preSolution
		HideSolutionNode = FALSE
	EndGlobalSection
	GlobalSection(NestedProjects) = preSolution
		{F5076762-F7EE-4FE8-ABBA-D8CBEA40543D} = {F0F1249E-D089-4127-9517-323D2631BB38}
	EndGlobalSection
EndGlobal
